
Microsoft Visual Studio Solution File, Format Version 12.00
# Visual Studio Version 16
VisualStudioVersion = 25.0.1700.6
MinimumVisualStudioVersion = 10.0.40219.1
Project("{FAE04EC0-301F-11D3-BF4B-00C04F79EFBC}") = "cSharpAlgorithmPractice", "cSharpAlgorithmPractice\cSharpAlgorithmPractice.csproj", "{45344E3C-AA36-4F57-A14F-E09264C2E219}"
EndProject
Global
	GlobalSection(SolutionConfigurationPlatforms) = preSolution
		Debug|Any CPU = Debug|Any CPU
		Release|Any CPU = Release|Any CPU
	EndGlobalSection
	GlobalSection(ProjectConfigurationPlatforms) = postSolution
		{45344E3C-AA36-4F57-A14F-E09264C2E219}.Debug|Any CPU.ActiveCfg = Debug|Any CPU
		{45344E3C-AA36-4F57-A14F-E09264C2E219}.Debug|Any CPU.Build.0 = Debug|Any CPU
		{45344E3C-AA36-4F57-A14F-E09264C2E219}.Release|Any CPU.ActiveCfg = Release|Any CPU
		{45344E3C-AA36-4F57-A14F-E09264C2E219}.Release|Any CPU.Build.0 = Release|Any CPU
	EndGlobalSection
	GlobalSection(SolutionProperties) = preSolution
		HideSolutionNode = FALSE
	EndGlobalSection
	GlobalSection(ExtensibilityGlobals) = postSolution
		SolutionGuid = {E362A74A-45DC-4B65-9121-CA114E9286B8}
	EndGlobalSection
EndGlobal
